Microsoft Visual Studio Solution File, Format Version 11.00
# Visual Studio 2010
Project("{FAE04EC0-301F-11D3-BF4B-00C04F79EFBC}") = "Aspose.OCR Examples", "Aspose.OCR Examples.csproj", "{603F2E5A-BD9C-4251-BC99-C2C767E5F64E}"
EndProject
Global
	GlobalSection(SolutionConfigurationPlatforms) = preSolution
		Debug|Any CPU = Debug|Any CPU
		Release|Any CPU = Release|Any CPU
	EndGlobalSection
	GlobalSection(ProjectConfigurationPlatforms) = postSolution
		{603F2E5A-BD9C-4251-BC99-C2C767E5F64E}.Debug|Any CPU.ActiveCfg = Debug|Any CPU
		{603F2E5A-BD9C-4251-BC99-C2C767E5F64E}.Debug|Any CPU.Build.0 = Debug|Any CPU
		{603F2E5A-BD9C-4251-BC99-C2C767E5F64E}.Release|Any CPU.ActiveCfg = Release|Any CPU
	EndGlobalSection
	GlobalSection(SolutionProperties) = preSolution
		HideSolutionNode = FALSE
	EndGlobalSection
EndGlobal
