Microsoft Visual Studio Solution File, Format Version 10.00
# Visual Studio 2008
Project("{FAE04EC0-301F-11D3-BF4B-00C04F79EFBC}") = "SettingtheOcrEngineAutomaticallyDetectTextBlocks", "SettingtheOcrEngineAutomaticallyDetectTextBlocks.csproj", "{63D65418-D293-49C0-9C16-278DF15A05FB}"
EndProject
Global
	GlobalSection(SolutionConfigurationPlatforms) = preSolution
		Debug|Any CPU = Debug|Any CPU
		Release|Any CPU = Release|Any CPU
	EndGlobalSection
	GlobalSection(ProjectConfigurationPlatforms) = postSolution
		{63D65418-D293-49C0-9C16-278DF15A05FB}.Debug|Any CPU.ActiveCfg = Debug|Any CPU
		{63D65418-D293-49C0-9C16-278DF15A05FB}.Debug|Any CPU.Build.0 = Debug|Any CPU
		{63D65418-D293-49C0-9C16-278DF15A05FB}.Release|Any CPU.ActiveCfg = Release|Any CPU
	EndGlobalSection
	GlobalSection(SolutionProperties) = preSolution
		HideSolutionNode = FALSE
	EndGlobalSection
EndGlobal
