Microsoft Visual Studio Solution File, Format Version 11.00
# Visual Studio 2010
Project("{FAE04EC0-301F-11D3-BF4B-00C04F79EFBC}") = "AddingUserDefinedRecognitionBlocks", "AddingUserDefinedRecognitionBlocks.csproj", "{E272A8B8-C6A0-4069-B26F-F8CEACD7F7CD}"
EndProject
Global
	GlobalSection(SolutionConfigurationPlatforms) = preSolution
		Debug|Any CPU = Debug|Any CPU
		Release|Any CPU = Release|Any CPU
	EndGlobalSection
	GlobalSection(ProjectConfigurationPlatforms) = postSolution
		{E272A8B8-C6A0-4069-B26F-F8CEACD7F7CD}.Debug|Any CPU.ActiveCfg = Debug|Any CPU
		{E272A8B8-C6A0-4069-B26F-F8CEACD7F7CD}.Debug|Any CPU.Build.0 = Debug|Any CPU
		{E272A8B8-C6A0-4069-B26F-F8CEACD7F7CD}.Release|Any CPU.ActiveCfg = Release|Any CPU
	EndGlobalSection
	GlobalSection(SolutionProperties) = preSolution
		HideSolutionNode = FALSE
	EndGlobalSection
EndGlobal
