Microsoft Visual Studio Solution File, Format Version 11.00
# Visual Studio 2010
Project("{FAE04EC0-301F-11D3-BF4B-00C04F79EFBC}") = "ApplyingCorrectionFilters", "ApplyingCorrectionFilters.csproj", "{08C04DA1-E0CA-48B0-84D9-AAA8A6AD534B}"
EndProject
Global
	GlobalSection(SolutionConfigurationPlatforms) = preSolution
		Debug|Any CPU = Debug|Any CPU
		Release|Any CPU = Release|Any CPU
	EndGlobalSection
	GlobalSection(ProjectConfigurationPlatforms) = postSolution
		{08C04DA1-E0CA-48B0-84D9-AAA8A6AD534B}.Debug|Any CPU.ActiveCfg = Debug|Any CPU
		{08C04DA1-E0CA-48B0-84D9-AAA8A6AD534B}.Debug|Any CPU.Build.0 = Debug|Any CPU
		{08C04DA1-E0CA-48B0-84D9-AAA8A6AD534B}.Release|Any CPU.ActiveCfg = Release|Any CPU
	EndGlobalSection
	GlobalSection(SolutionProperties) = preSolution
		HideSolutionNode = FALSE
	EndGlobalSection
EndGlobal
