
Microsoft Visual Studio Solution File, Format Version 12.00
# Visual Studio Version 16
VisualStudioVersion = 16.0.29911.84
MinimumVisualStudioVersion = 10.0.40219.1
Project("{FAE04EC0-301F-11D3-BF4B-00C04F79EFBC}") = "CSharp", "CSharp\CSharp.csproj", "{47A12F52-9C08-4776-8E28-444A3C4F9EB4}"
EndProject
Global
	GlobalSection(SolutionConfigurationPlatforms) = preSolution
		Debug|Any CPU = Debug|Any CPU
		Debug|x64 = Debug|x64
		Release|Any CPU = Release|Any CPU
		Release|x64 = Release|x64
	EndGlobalSection
	GlobalSection(ProjectConfigurationPlatforms) = postSolution
		{47A12F52-9C08-4776-8E28-444A3C4F9EB4}.Debug|Any CPU.ActiveCfg = Debug|Any CPU
		{47A12F52-9C08-4776-8E28-444A3C4F9EB4}.Debug|Any CPU.Build.0 = Debug|Any CPU
		{47A12F52-9C08-4776-8E28-444A3C4F9EB4}.Debug|x64.ActiveCfg = Debug|x64
		{47A12F52-9C08-4776-8E28-444A3C4F9EB4}.Debug|x64.Build.0 = Debug|x64
		{47A12F52-9C08-4776-8E28-444A3C4F9EB4}.Release|Any CPU.ActiveCfg = Release|Any CPU
		{47A12F52-9C08-4776-8E28-444A3C4F9EB4}.Release|Any CPU.Build.0 = Release|Any CPU
		{47A12F52-9C08-4776-8E28-444A3C4F9EB4}.Release|x64.ActiveCfg = Release|x64
		{47A12F52-9C08-4776-8E28-444A3C4F9EB4}.Release|x64.Build.0 = Release|x64
	EndGlobalSection
	GlobalSection(SolutionProperties) = preSolution
		HideSolutionNode = FALSE
	EndGlobalSection
	GlobalSection(ExtensibilityGlobals) = postSolution
		SolutionGuid = {210C0F4A-81EE-40BB-BE85-8BA7D6ED7744}
	EndGlobalSection
EndGlobal
