Microsoft Visual Studio Solution File, Format Version 10.00
# Visual Studio 2008
Project("{FAE04EC0-301F-11D3-BF4B-00C04F79EFBC}") = "GettingNotification", "GettingNotification.csproj", "{6F8E3A98-0264-4168-A452-53F17D7385CA}"
EndProject
Global
	GlobalSection(SolutionConfigurationPlatforms) = preSolution
		Debug|Any CPU = Debug|Any CPU
		Release|Any CPU = Release|Any CPU
	EndGlobalSection
	GlobalSection(ProjectConfigurationPlatforms) = postSolution
		{6F8E3A98-0264-4168-A452-53F17D7385CA}.Debug|Any CPU.ActiveCfg = Debug|Any CPU
		{6F8E3A98-0264-4168-A452-53F17D7385CA}.Debug|Any CPU.Build.0 = Debug|Any CPU
		{6F8E3A98-0264-4168-A452-53F17D7385CA}.Release|Any CPU.ActiveCfg = Release|Any CPU
	EndGlobalSection
	GlobalSection(SolutionProperties) = preSolution
		HideSolutionNode = FALSE
	EndGlobalSection
EndGlobal
